<?xml version="1.0" encoding="UTF-8"?>
<CONFIG>
  <ProjectOptions>
    <Version Value="12"/>
    <General>
      <Flags>
        <MainUnitHasUsesSectionForAllUnits Value="False"/>
        <MainUnitHasCreateFormStatements Value="False"/>
        <MainUnitHasTitleStatement Value="False"/>
        <MainUnitHasScaledStatement Value="False"/>
        <CompatibilityMode Value="True"/>
      </Flags>
      <SessionStorage Value="InProjectDir"/>
      <Title Value="castle_quake1"/>
    </General>
    <BuildModes Count="2">
      <Item1 Name="Debug" Default="True"/>
      <Item2 Name="Release">
        <CompilerOptions>
          <Version Value="11"/>
          <Target>
            <Filename Value="castle-quake1"/>
          </Target>
          <SearchPaths>
            <IncludeFiles Value="code/"/>
            <OtherUnitFiles Value="code/"/>
            <UnitOutputDirectory Value="castle-engine-output/standalone/lazarus-lib/$(TargetCPU)-$(TargetOS)"/>
            <Libraries Value="" />
          </SearchPaths>
          <CodeGeneration>
            <SmartLinkUnit Value="True"/>
            <Checks>
              <IOChecks Value="True"/>
            </Checks>
            <Optimizations>
              <OptimizationLevel Value="2"/>
            </Optimizations>
          </CodeGeneration>
          <Linking>
            <Debugging>
              <GenerateDebugInfo Value="False"/>
              <RunWithoutDebug Value="True"/>
              <StripSymbols Value="True"/>
            </Debugging>
            <LinkSmart Value="True"/>
          </Linking>
          <Other>
            <Verbosity>
              <ShowHints Value="False"/>
            </Verbosity>
            <CustomOptions Value="-dRELEASE

"/>
          </Other>
        </CompilerOptions>
      </Item2>
    </BuildModes>
    <RequiredPackages Count="2">
      <Item1>
        <PackageName Value="castle_engine_window"/>
      </Item1>
      <Item2>
        <PackageName Value="castle_engine_base"/>
      </Item2>
    </RequiredPackages>
    <Units Count="18">
      <Unit0>
        <Filename Value="castle_quake1_standalone.dpr"/>
        <IsPartOfProject Value="True"/>
      </Unit0>
      <Unit1>
        <Filename Value="castleautogenerated.pas"/>
        <IsPartOfProject Value="True"/>
        <UnitName Value="castleautogenerated"/>
      </Unit1>
      <Unit2>
        <Filename Value="code/gameinitialize.pas"/>
        <IsPartOfProject Value="True"/>
        <UnitName Value="gameinitialize"/>
      </Unit2>
      <Unit3>
        <Filename Value="code/gameviewmenu.pas"/>
        <IsPartOfProject Value="True"/>
        <UnitName Value="gameviewmenu"/>
      </Unit3>
      <Unit4>
        <Filename Value="code/gameviewplay.pas"/>
        <IsPartOfProject Value="True"/>
        <UnitName Value="gameviewplay"/>
      </Unit4>
      <Unit5>
        <Filename Value="code/quakebsp.pas"/>
        <IsPartOfProject Value="True"/>
        <UnitName Value="quakebsp"/>
      </Unit5>
      <Unit6>
        <Filename Value="code/quakeconsole.pas"/>
        <IsPartOfProject Value="True"/>
        <UnitName Value="quakeconsole"/>
      </Unit6>
      <Unit7>
        <Filename Value="code/quakeentities.pas"/>
        <IsPartOfProject Value="True"/>
        <UnitName Value="quakeentities"/>
      </Unit7>
      <Unit8>
        <Filename Value="code/quakegeometry.pas"/>
        <IsPartOfProject Value="True"/>
        <UnitName Value="quakegeometry"/>
      </Unit8>
      <Unit9>
        <Filename Value="code/quakehud.pas"/>
        <IsPartOfProject Value="True"/>
        <UnitName Value="quakehud"/>
      </Unit9>
      <Unit10>
        <Filename Value="code/quakelight.pas"/>
        <IsPartOfProject Value="True"/>
        <UnitName Value="quakelight"/>
      </Unit10>
      <Unit11>
        <Filename Value="code/quakemdl.pas"/>
        <IsPartOfProject Value="True"/>
        <UnitName Value="quakemdl"/>
      </Unit11>
      <Unit12>
        <Filename Value="code/quakemenu.pas"/>
        <IsPartOfProject Value="True"/>
        <UnitName Value="quakemenu"/>
      </Unit12>
      <Unit13>
        <Filename Value="code/quakepak.pas"/>
        <IsPartOfProject Value="True"/>
        <UnitName Value="quakepak"/>
      </Unit13>
      <Unit14>
        <Filename Value="code/quakepalette.pas"/>
        <IsPartOfProject Value="True"/>
        <UnitName Value="quakepalette"/>
      </Unit14>
      <Unit15>
        <Filename Value="code/quakeparticles.pas"/>
        <IsPartOfProject Value="True"/>
        <UnitName Value="quakeparticles"/>
      </Unit15>
      <Unit16>
        <Filename Value="code/quakesound.pas"/>
        <IsPartOfProject Value="True"/>
        <UnitName Value="quakesound"/>
      </Unit16>
      <Unit17>
        <Filename Value="code/quakeworld.pas"/>
        <IsPartOfProject Value="True"/>
        <UnitName Value="quakeworld"/>
      </Unit17>
    </Units>
  </ProjectOptions>
  <CompilerOptions>
    <Version Value="11"/>
    <Target>
      <Filename Value="castle-quake1"/>
    </Target>
    <SearchPaths>
      <IncludeFiles Value="code/"/>
      <OtherUnitFiles Value="code/"/>
      <UnitOutputDirectory Value="castle-engine-output/standalone/lazarus-lib/$(TargetCPU)-$(TargetOS)"/>
      <Libraries Value="" />
    </SearchPaths>
    <Parsing>
      <SyntaxOptions>
        <IncludeAssertionCode Value="True"/>
      </SyntaxOptions>
    </Parsing>
    <CodeGeneration>
      <Checks>
        <IOChecks Value="True"/>
        <RangeChecks Value="True"/>
        <OverflowChecks Value="True"/>
        <StackChecks Value="True"/>
      </Checks>
      <VerifyObjMethodCallValidity Value="True"/>
    </CodeGeneration>
    <Linking>
      <Debugging>
      </Debugging>
    </Linking>
    <Other>
      <Verbosity>
        <ShowHints Value="False"/>
      </Verbosity>
      <CustomOptions Value="-dDEBUG

"/>
    </Other>
  </CompilerOptions>
  <Debugging>
    <Exceptions Count="3">
      <Item1>
        <Name Value="EAbort"/>
      </Item1>
      <Item2>
        <Name Value="ECodetoolError"/>
      </Item2>
      <Item3>
        <Name Value="EFOpenError"/>
      </Item3>
    </Exceptions>
  </Debugging>
</CONFIG>
